
Microsoft Visual Studio Solution File, Format Version 12.00
# Visual Studio Version 16
VisualStudioVersion = 16.0.31624.102
MinimumVisualStudioVersion = 10.0.40219.1
Project("{FAE04EC0-301F-11D3-BF4B-00C04F79EFBC}") = "Repro", "Repro\Repro.csproj", "{215A58E7-1A99-4EE1-B407-9732BE0F1450}"
EndProject
Project("{FAE04EC0-301F-11D3-BF4B-00C04F79EFBC}") = "Data", "Data\Data.csproj", "{684206AB-7746-41D9-8A52-0440F174BC28}"
EndProject
Global
	GlobalSection(SolutionConfigurationPlatforms) = preSolution
		Debug|Any CPU = Debug|Any CPU
		Release|Any CPU = Release|Any CPU
	EndGlobalSection
	GlobalSection(ProjectConfigurationPlatforms) = postSolution
		{215A58E7-1A99-4EE1-B407-9732BE0F1450}.Debug|Any CPU.ActiveCfg = Debug|Any CPU
		{215A58E7-1A99-4EE1-B407-9732BE0F1450}.Debug|Any CPU.Build.0 = Debug|Any CPU
		{215A58E7-1A99-4EE1-B407-9732BE0F1450}.Release|Any CPU.ActiveCfg = Release|Any CPU
		{215A58E7-1A99-4EE1-B407-9732BE0F1450}.Release|Any CPU.Build.0 = Release|Any CPU
		{684206AB-7746-41D9-8A52-0440F174BC28}.Debug|Any CPU.ActiveCfg = Debug|Any CPU
		{684206AB-7746-41D9-8A52-0440F174BC28}.Debug|Any CPU.Build.0 = Debug|Any CPU
		{684206AB-7746-41D9-8A52-0440F174BC28}.Release|Any CPU.ActiveCfg = Release|Any CPU
		{684206AB-7746-41D9-8A52-0440F174BC28}.Release|Any CPU.Build.0 = Release|Any CPU
	EndGlobalSection
	GlobalSection(SolutionProperties) = preSolution
		HideSolutionNode = FALSE
	EndGlobalSection
	GlobalSection(ExtensibilityGlobals) = postSolution
		SolutionGuid = {F4CF1E31-0BD7-4F16-81ED-1B44F845AF85}
	EndGlobalSection
EndGlobal
